// !$*UTF8*$!
{
	archiveVersion = 1;
	classes = {
	};
	objectVersion = 50;
	objects = {

/* Begin PBXBuildFile section */
		27471EED265A034E00CE3E47 /* AppDelegate.swift in Sources */ = {isa = PBXBuildFile; fileRef = 27471EEC265A034E00CE3E47 /* AppDelegate.swift */; };
		27471EEF265A034E00CE3E47 /* SceneDelegate.swift in Sources */ = {isa = PBXBuildFile; fileRef = 27471EEE265A034E00CE3E47 /* SceneDelegate.swift */; };
		27471EF1265A034E00CE3E47 /* ViewController.swift in Sources */ = {isa = PBXBuildFile; fileRef = 27471EF0265A034E00CE3E47 /* ViewController.swift */; };
		27471EF4265A034E00CE3E47 /* Main.storyboard in Resources */ = {isa = PBXBuildFile; fileRef = 27471EF2265A034E00CE3E47 /* Main.storyboard */; };
		27471EF6265A035000CE3E47 /* Assets.xcassets in Resources */ = {isa = PBXBuildFile; fileRef = 27471EF5265A035000CE3E47 /* Assets.xcassets */; };
		27471EF9265A035000CE3E47 /* LaunchScreen.storyboard in Resources */ = {isa = PBXBuildFile; fileRef = 27471EF7265A035000CE3E47 /* LaunchScreen.storyboard */; };
		27471F04265A035100CE3E47 /* Hiwari_Tests.swift in Sources */ = {isa = PBXBuildFile; fileRef = 27471F03265A035100CE3E47 /* Hiwari_Tests.swift */; };
		27471F0F265A035100CE3E47 /* Hiwari_UITests.swift in Sources */ = {isa = PBXBuildFile; fileRef = 27471F0E265A035100CE3E47 /* Hiwari_UITests.swift */; };
		2763CC3F265D1C8100248C18 /* TodolistTableViewController.swift in Sources */ = {isa = PBXBuildFile; fileRef = 2763CC3E265D1C8100248C18 /* TodolistTableViewController.swift */; };
		2763CC50265E763500248C18 /* PickerKeyboard.swift in Sources */ = {isa = PBXBuildFile; fileRef = 2763CC4F265E763500248C18 /* PickerKeyboard.swift */; };
		278ACB94265A7EA700663172 /* green.png in Resources */ = {isa = PBXBuildFile; fileRef = 278ACB93265A7EA700663172 /* green.png */; };
		278ACB99265B35C800663172 /* #41B593.png in Resources */ = {isa = PBXBuildFile; fileRef = 278ACB98265B35C800663172 /* #41B593.png */; };
		278ACBA6265BE62100663172 /* CalculateViewController.swift in Sources */ = {isa = PBXBuildFile; fileRef = 278ACBA5265BE62100663172 /* CalculateViewController.swift */; };
/* End PBXBuildFile section */

/* Begin PBXContainerItemProxy section */
		27471F00265A035100CE3E47 /* PBXContainerItemProxy */ = {
			isa = PBXContainerItemProxy;
			containerPortal = 27471EE1265A034E00CE3E47 /* Project object */;
			proxyType = 1;
			remoteGlobalIDString = 27471EE8265A034E00CE3E47;
			remoteInfo = "Hiwari!";
		};
		27471F0B265A035100CE3E47 /* PBXContainerItemProxy */ = {
			isa = PBXContainerItemProxy;
			containerPortal = 27471EE1265A034E00CE3E47 /* Project object */;
			proxyType = 1;
			remoteGlobalIDString = 27471EE8265A034E00CE3E47;
			remoteInfo = "Hiwari!";
		};
/* End PBXContainerItemProxy section */

/* Begin PBXFileReference section */
		27471EE9265A034E00CE3E47 /* Hiwari!.app */ = {isa = PBXFileReference; explicitFileType = wrapper.application; includeInIndex = 0; path = "Hiwari!.app"; sourceTree = BUILT_PRODUCTS_DIR; };
		27471EEC265A034E00CE3E47 /* AppDelegate.swift */ = {isa = PBXFileReference; lastKnownFileType = sourcecode.swift; path = AppDelegate.swift; sourceTree = "<group>"; };
		27471EEE265A034E00CE3E47 /* SceneDelegate.swift */ = {isa = PBXFileReference; lastKnownFileType = sourcecode.swift; path = SceneDelegate.swift; sourceTree = "<group>"; };
		27471EF0265A034E00CE3E47 /* ViewController.swift */ = {isa = PBXFileReference; lastKnownFileType = sourcecode.swift; path = ViewController.swift; sourceTree = "<group>"; };
		27471EF3265A034E00CE3E47 /* Base */ = {isa = PBXFileReference; lastKnownFileType = file.storyboard; name = Base; path = Base.lproj/Main.storyboard; sourceTree = "<group>"; };
		27471EF5265A035000CE3E47 /* Assets.xcassets */ = {isa = PBXFileReference; lastKnownFileType = folder.assetcatalog; path = Assets.xcassets; sourceTree = "<group>"; };
		27471EF8265A035000CE3E47 /* Base */ = {isa = PBXFileReference; lastKnownFileType = file.storyboard; name = Base; path = Base.lproj/LaunchScreen.storyboard; sourceTree = "<group>"; };
		27471EFA265A035000CE3E47 /* Info.plist */ = {isa = PBXFileReference; lastKnownFileType = text.plist.xml; path = Info.plist; sourceTree = "<group>"; };
		27471EFF265A035100CE3E47 /* Hiwari!Tests.xctest */ = {isa = PBXFileReference; explicitFileType = wrapper.cfbundle; includeInIndex = 0; path = "Hiwari!Tests.xctest"; sourceTree = BUILT_PRODUCTS_DIR; };
		27471F03265A035100CE3E47 /* Hiwari_Tests.swift */ = {isa = PBXFileReference; lastKnownFileType = sourcecode.swift; path = Hiwari_Tests.swift; sourceTree = "<group>"; };
		27471F05265A035100CE3E47 /* Info.plist */ = {isa = PBXFileReference; lastKnownFileType = text.plist.xml; path = Info.plist; sourceTree = "<group>"; };
		27471F0A265A035100CE3E47 /* Hiwari!UITests.xctest */ = {isa = PBXFileReference; explicitFileType = wrapper.cfbundle; includeInIndex = 0; path = "Hiwari!UITests.xctest"; sourceTree = BUILT_PRODUCTS_DIR; };
		27471F0E265A035100CE3E47 /* Hiwari_UITests.swift */ = {isa = PBXFileReference; lastKnownFileType = sourcecode.swift; path = Hiwari_UITests.swift; sourceTree = "<group>"; };
		27471F10265A035100CE3E47 /* Info.plist */ = {isa = PBXFileReference; lastKnownFileType = text.plist.xml; path = Info.plist; sourceTree = "<group>"; };
		2763CC3E265D1C8100248C18 /* TodolistTableViewController.swift */ = {isa = PBXFileReference; lastKnownFileType = sourcecode.swift; path = TodolistTableViewController.swift; sourceTree = "<group>"; };
		2763CC4F265E763500248C18 /* PickerKeyboard.swift */ = {isa = PBXFileReference; lastKnownFileType = sourcecode.swift; path = PickerKeyboard.swift; sourceTree = "<group>"; };
		278ACB93265A7EA700663172 /* green.png */ = {isa = PBXFileReference; lastKnownFileType = image.png; path = green.png; sourceTree = "<group>"; };
		278ACB98265B35C800663172 /* #41B593.png */ = {isa = PBXFileReference; lastKnownFileType = image.png; path = "#41B593.png"; sourceTree = "<group>"; };
		278ACBA5265BE62100663172 /* CalculateViewController.swift */ = {isa = PBXFileReference; lastKnownFileType = sourcecode.swift; path = CalculateViewController.swift; sourceTree = "<group>"; };
/* End PBXFileReference section */

/* Begin PBXFrameworksBuildPhase section */
		27471EE6265A034E00CE3E47 /* Frameworks */ = {
			isa = PBXFrameworksBuildPhase;
			buildActionMask = 2147483647;
			files = (
			);
			runOnlyForDeploymentPostprocessing = 0;
		};
		27471EFC265A035100CE3E47 /* Frameworks */ = {
			isa = PBXFrameworksBuildPhase;
			buildActionMask = 2147483647;
			files = (
			);
			runOnlyForDeploymentPostprocessing = 0;
		};
		27471F07265A035100CE3E47 /* Frameworks */ = {
			isa = PBXFrameworksBuildPhase;
			buildActionMask = 2147483647;
			files = (
			);
			runOnlyForDeploymentPostprocessing = 0;
		};
/* End PBXFrameworksBuildPhase section */

/* Begin PBXGroup section */
		27471EE0265A034E00CE3E47 = {
			isa = PBXGroup;
			children = (
				27471EEB265A034E00CE3E47 /* Hiwari! */,
				27471F02265A035100CE3E47 /* Hiwari!Tests */,
				27471F0D265A035100CE3E47 /* Hiwari!UITests */,
				27471EEA265A034E00CE3E47 /* Products */,
			);
			sourceTree = "<group>";
		};
		27471EEA265A034E00CE3E47 /* Products */ = {
			isa = PBXGroup;
			children = (
				27471EE9265A034E00CE3E47 /* Hiwari!.app */,
				27471EFF265A035100CE3E47 /* Hiwari!Tests.xctest */,
				27471F0A265A035100CE3E47 /* Hiwari!UITests.xctest */,
			);
			name = Products;
			sourceTree = "<group>";
		};
		27471EEB265A034E00CE3E47 /* Hiwari! */ = {
			isa = PBXGroup;
			children = (
				278ACB98265B35C800663172 /* #41B593.png */,
				278ACB93265A7EA700663172 /* green.png */,
				27471EEC265A034E00CE3E47 /* AppDelegate.swift */,
				27471EEE265A034E00CE3E47 /* SceneDelegate.swift */,
				27471EF0265A034E00CE3E47 /* ViewController.swift */,
				2763CC4F265E763500248C18 /* PickerKeyboard.swift */,
				278ACBA5265BE62100663172 /* CalculateViewController.swift */,
				2763CC3E265D1C8100248C18 /* TodolistTableViewController.swift */,
				27471EF2265A034E00CE3E47 /* Main.storyboard */,
				27471EF5265A035000CE3E47 /* Assets.xcassets */,
				27471EF7265A035000CE3E47 /* LaunchScreen.storyboard */,
				27471EFA265A035000CE3E47 /* Info.plist */,
			);
			path = "Hiwari!";
			sourceTree = "<group>";
		};
		27471F02265A035100CE3E47 /* Hiwari!Tests */ = {
			isa = PBXGroup;
			children = (
				27471F03265A035100CE3E47 /* Hiwari_Tests.swift */,
				27471F05265A035100CE3E47 /* Info.plist */,
			);
			path = "Hiwari!Tests";
			sourceTree = "<group>";
		};
		27471F0D265A035100CE3E47 /* Hiwari!UITests */ = {
			isa = PBXGroup;
			children = (
				27471F0E265A035100CE3E47 /* Hiwari_UITests.swift */,
				27471F10265A035100CE3E47 /* Info.plist */,
			);
			path = "Hiwari!UITests";
			sourceTree = "<group>";
		};
/* End PBXGroup section */

/* Begin PBXNativeTarget section */
		27471EE8265A034E00CE3E47 /* Hiwari! */ = {
			isa = PBXNativeTarget;
			buildConfigurationList = 27471F13265A035100CE3E47 /* Build configuration list for PBXNativeTarget "Hiwari!" */;
			buildPhases = (
				27471EE5265A034E00CE3E47 /* Sources */,
				27471EE6265A034E00CE3E47 /* Frameworks */,
				27471EE7265A034E00CE3E47 /* Resources */,
			);
			buildRules = (
			);
			dependencies = (
			);
			name = "Hiwari!";
			productName = "Hiwari!";
			productReference = 27471EE9265A034E00CE3E47 /* Hiwari!.app */;
			productType = "com.apple.product-type.application";
		};
		27471EFE265A035100CE3E47 /* Hiwari!Tests */ = {
			isa = PBXNativeTarget;
			buildConfigurationList = 27471F16265A035100CE3E47 /* Build configuration list for PBXNativeTarget "Hiwari!Tests" */;
			buildPhases = (
				27471EFB265A035100CE3E47 /* Sources */,
				27471EFC265A035100CE3E47 /* Frameworks */,
				27471EFD265A035100CE3E47 /* Resources */,
			);
			buildRules = (
			);
			dependencies = (
				27471F01265A035100CE3E47 /* PBXTargetDependency */,
			);
			name = "Hiwari!Tests";
			productName = "Hiwari!Tests";
			productReference = 27471EFF265A035100CE3E47 /* Hiwari!Tests.xctest */;
			productType = "com.apple.product-type.bundle.unit-test";
		};
		27471F09265A035100CE3E47 /* Hiwari!UITests */ = {
			isa = PBXNativeTarget;
			buildConfigurationList = 27471F19265A035100CE3E47 /* Build configuration list for PBXNativeTarget "Hiwari!UITests" */;
			buildPhases = (
				27471F06265A035100CE3E47 /* Sources */,
				27471F07265A035100CE3E47 /* Frameworks */,
				27471F08265A035100CE3E47 /* Resources */,
			);
			buildRules = (
			);
			dependencies = (
				27471F0C265A035100CE3E47 /* PBXTargetDependency */,
			);
			name = "Hiwari!UITests";
			productName = "Hiwari!UITests";
			productReference = 27471F0A265A035100CE3E47 /* Hiwari!UITests.xctest */;
			productType = "com.apple.product-type.bundle.ui-testing";
		};
/* End PBXNativeTarget section */

/* Begin PBXProject section */
		27471EE1265A034E00CE3E47 /* Project object */ = {
			isa = PBXProject;
			attributes = {
				LastSwiftUpdateCheck = 1240;
				LastUpgradeCheck = 1240;
				TargetAttributes = {
					27471EE8265A034E00CE3E47 = {
						CreatedOnToolsVersion = 12.4;
					};
					27471EFE265A035100CE3E47 = {
						CreatedOnToolsVersion = 12.4;
						TestTargetID = 27471EE8265A034E00CE3E47;
					};
					27471F09265A035100CE3E47 = {
						CreatedOnToolsVersion = 12.4;
						TestTargetID = 27471EE8265A034E00CE3E47;
					};
				};
			};
			buildConfigurationList = 27471EE4265A034E00CE3E47 /* Build configuration list for PBXProject "Hiwari!" */;
			compatibilityVersion = "Xcode 9.3";
			developmentRegion = en;
			hasScannedForEncodings = 0;
			knownRegions = (
				en,
				Base,
			);
			mainGroup = 27471EE0265A034E00CE3E47;
			productRefGroup = 27471EEA265A034E00CE3E47 /* Products */;
			projectDirPath = "";
			projectRoot = "";
			targets = (
				27471EE8265A034E00CE3E47 /* Hiwari! */,
				27471EFE265A035100CE3E47 /* Hiwari!Tests */,
				27471F09265A035100CE3E47 /* Hiwari!UITests */,
			);
		};
/* End PBXProject section */

/* Begin PBXResourcesBuildPhase section */
		27471EE7265A034E00CE3E47 /* Resources */ = {
			isa = PBXResourcesBuildPhase;
			buildActionMask = 2147483647;
			files = (
				278ACB99265B35C800663172 /* #41B593.png in Resources */,
				27471EF9265A035000CE3E47 /* LaunchScreen.storyboard in Resources */,
				278ACB94265A7EA700663172 /* green.png in Resources */,
				27471EF6265A035000CE3E47 /* Assets.xcassets in Resources */,
				27471EF4265A034E00CE3E47 /* Main.storyboard in Resources */,
			);
			runOnlyForDeploymentPostprocessing = 0;
		};
		27471EFD265A035100CE3E47 /* Resources */ = {
			isa = PBXResourcesBuildPhase;
			buildActionMask = 2147483647;
			files = (
			);
			runOnlyForDeploymentPostprocessing = 0;
		};
		27471F08265A035100CE3E47 /* Resources */ = {
			isa = PBXResourcesBuildPhase;
			buildActionMask = 2147483647;
			files = (
			);
			runOnlyForDeploymentPostprocessing = 0;
		};
/* End PBXResourcesBuildPhase section */

/* Begin PBXSourcesBuildPhase section */
		27471EE5265A034E00CE3E47 /* Sources */ = {
			isa = PBXSourcesBuildPhase;
			buildActionMask = 2147483647;
			files = (
				27471EF1265A034E00CE3E47 /* ViewController.swift in Sources */,
				278ACBA6265BE62100663172 /* CalculateViewController.swift in Sources */,
				27471EED265A034E00CE3E47 /* AppDelegate.swift in Sources */,
				27471EEF265A034E00CE3E47 /* SceneDelegate.swift in Sources */,
				2763CC50265E763500248C18 /* PickerKeyboard.swift in Sources */,
				2763CC3F265D1C8100248C18 /* TodolistTableViewController.swift in Sources */,
			);
			runOnlyForDeploymentPostprocessing = 0;
		};
		27471EFB265A035100CE3E47 /* Sources */ = {
			isa = PBXSourcesBuildPhase;
			buildActionMask = 2147483647;
			files = (
				27471F04265A035100CE3E47 /* Hiwari_Tests.swift in Sources */,
			);
			runOnlyForDeploymentPostprocessing = 0;
		};
		27471F06265A035100CE3E47 /* Sources */ = {
			isa = PBXSourcesBuildPhase;
			buildActionMask = 2147483647;
			files = (
				27471F0F265A035100CE3E47 /* Hiwari_UITests.swift in Sources */,
			);
			runOnlyForDeploymentPostprocessing = 0;
		};
/* End PBXSourcesBuildPhase section */

/* Begin PBXTargetDependency section */
		27471F01265A035100CE3E47 /* PBXTargetDependency */ = {
			isa = PBXTargetDependency;
			target = 27471EE8265A034E00CE3E47 /* Hiwari! */;
			targetProxy = 27471F00265A035100CE3E47 /* PBXContainerItemProxy */;
		};
		27471F0C265A035100CE3E47 /* PBXTargetDependency */ = {
			isa = PBXTargetDependency;
			target = 27471EE8265A034E00CE3E47 /* Hiwari! */;
			targetProxy = 27471F0B265A035100CE3E47 /* PBXContainerItemProxy */;
		};
/* End PBXTargetDependency section */

/* Begin PBXVariantGroup section */
		27471EF2265A034E00CE3E47 /* Main.storyboard */ = {
			isa = PBXVariantGroup;
			children = (
				27471EF3265A034E00CE3E47 /* Base */,
			);
			name = Main.storyboard;
			sourceTree = "<group>";
		};
		27471EF7265A035000CE3E47 /* LaunchScreen.storyboard */ = {
			isa = PBXVariantGroup;
			children = (
				27471EF8265A035000CE3E47 /* Base */,
			);
			name = LaunchScreen.storyboard;
			sourceTree = "<group>";
		};
/* End PBXVariantGroup section */

/* Begin XCBuildConfiguration section */
		27471F11265A035100CE3E47 /* Debug */ = {
			isa = XCBuildConfiguration;
			buildSettings = {
				ALWAYS_SEARCH_USER_PATHS = NO;
				CLANG_ANALYZER_NONNULL = YES;
				CLANG_ANALYZER_NUMBER_OBJECT_CONVERSION = YES_AGGRESSIVE;
				CLANG_CXX_LANGUAGE_STANDARD = "gnu++14";
				CLANG_CXX_LIBRARY = "libc++";
				CLANG_ENABLE_MODULES = YES;
				CLANG_ENABLE_OBJC_ARC = YES;
				CLANG_ENABLE_OBJC_WEAK = YES;
				CLANG_WARN_BLOCK_CAPTURE_AUTORELEASING = YES;
				CLANG_WARN_BOOL_CONVERSION = YES;
				CLANG_WARN_COMMA = YES;
				CLANG_WARN_CONSTANT_CONVERSION = YES;
				CLANG_WARN_DEPRECATED_OBJC_IMPLEMENTATIONS = YES;
				CLANG_WARN_DIRECT_OBJC_ISA_USAGE = YES_ERROR;
				CLANG_WARN_DOCUMENTATION_COMMENTS = YES;
				CLANG_WARN_EMPTY_BODY = YES;
				CLANG_WARN_ENUM_CONVERSION = YES;
				CLANG_WARN_INFINITE_RECURSION = YES;
				CLANG_WARN_INT_CONVERSION = YES;
				CLANG_WARN_NON_LITERAL_NULL_CONVERSION = YES;
				CLANG_WARN_OBJC_IMPLICIT_RETAIN_SELF = YES;
				CLANG_WARN_OBJC_LITERAL_CONVERSION = YES;
				CLANG_WARN_OBJC_ROOT_CLASS = YES_ERROR;
				CLANG_WARN_QUOTED_INCLUDE_IN_FRAMEWORK_HEADER = YES;
				CLANG_WARN_RANGE_LOOP_ANALYSIS = YES;
				CLANG_WARN_STRICT_PROTOTYPES = YES;
				CLANG_WARN_SUSPICIOUS_MOVE = YES;
				CLANG_WARN_UNGUARDED_AVAILABILITY = YES_AGGRESSIVE;
				CLANG_WARN_UNREACHABLE_CODE = YES;
				CLANG_WARN__DUPLICATE_METHOD_MATCH = YES;
				COPY_PHASE_STRIP = NO;
				DEBUG_INFORMATION_FORMAT = dwarf;
				ENABLE_STRICT_OBJC_MSGSEND = YES;
				ENABLE_TESTABILITY = YES;
				GCC_C_LANGUAGE_STANDARD = gnu11;
				GCC_DYNAMIC_NO_PIC = NO;
				GCC_NO_COMMON_BLOCKS = YES;
				GCC_OPTIMIZATION_LEVEL = 0;
				GCC_PREPROCESSOR_DEFINITIONS = (
					"DEBUG=1",
					"$(inherited)",
				);
				GCC_WARN_64_TO_32_BIT_CONVERSION = YES;
				GCC_WARN_ABOUT_RETURN_TYPE = YES_ERROR;
				GCC_WARN_UNDECLARED_SELECTOR = YES;
				GCC_WARN_UNINITIALIZED_AUTOS = YES_AGGRESSIVE;
				GCC_WARN_UNUSED_FUNCTION = YES;
				GCC_WARN_UNUSED_VARIABLE = YES;
				IPHONEOS_DEPLOYMENT_TARGET = 14.4;
				MTL_ENABLE_DEBUG_INFO = INCLUDE_SOURCE;
				MTL_FAST_MATH = YES;
				ONLY_ACTIVE_ARCH = YES;
				SDKROOT = iphoneos;
				SWIFT_ACTIVE_COMPILATION_CONDITIONS = DEBUG;
				SWIFT_OPTIMIZATION_LEVEL = "-Onone";
			};
			name = Debug;
		};
		27471F12265A035100CE3E47 /* Release */ = {
			isa = XCBuildConfiguration;
			buildSettings = {
				ALWAYS_SEARCH_USER_PATHS = NO;
				CLANG_ANALYZER_NONNULL = YES;
				CLANG_ANALYZER_NUMBER_OBJECT_CONVERSION = YES_AGGRESSIVE;
				CLANG_CXX_LANGUAGE_STANDARD = "gnu++14";
				CLANG_CXX_LIBRARY = "libc++";
				CLANG_ENABLE_MODULES = YES;
				CLANG_ENABLE_OBJC_ARC = YES;
				CLANG_ENABLE_OBJC_WEAK = YES;
				CLANG_WARN_BLOCK_CAPTURE_AUTORELEASING = YES;
				CLANG_WARN_BOOL_CONVERSION = YES;
				CLANG_WARN_COMMA = YES;
				CLANG_WARN_CONSTANT_CONVERSION = YES;
				CLANG_WARN_DEPRECATED_OBJC_IMPLEMENTATIONS = YES;
				CLANG_WARN_DIRECT_OBJC_ISA_USAGE = YES_ERROR;
				CLANG_WARN_DOCUMENTATION_COMMENTS = YES;
				CLANG_WARN_EMPTY_BODY = YES;
				CLANG_WARN_ENUM_CONVERSION = YES;
				CLANG_WARN_INFINITE_RECURSION = YES;
				CLANG_WARN_INT_CONVERSION = YES;
				CLANG_WARN_NON_LITERAL_NULL_CONVERSION = YES;
				CLANG_WARN_OBJC_IMPLICIT_RETAIN_SELF = YES;
				CLANG_WARN_OBJC_LITERAL_CONVERSION = YES;
				CLANG_WARN_OBJC_ROOT_CLASS = YES_ERROR;
				CLANG_WARN_QUOTED_INCLUDE_IN_FRAMEWORK_HEADER = YES;
				CLANG_WARN_RANGE_LOOP_ANALYSIS = YES;
				CLANG_WARN_STRICT_PROTOTYPES = YES;
				CLANG_WARN_SUSPICIOUS_MOVE = YES;
				CLANG_WARN_UNGUARDED_AVAILABILITY = YES_AGGRESSIVE;
				CLANG_WARN_UNREACHABLE_CODE = YES;
				CLANG_WARN__DUPLICATE_METHOD_MATCH = YES;
				COPY_PHASE_STRIP = NO;
				DEBUG_INFORMATION_FORMAT = "dwarf-with-dsym";
				ENABLE_NS_ASSERTIONS = NO;
				ENABLE_STRICT_OBJC_MSGSEND = YES;
				GCC_C_LANGUAGE_STANDARD = gnu11;
				GCC_NO_COMMON_BLOCKS = YES;
				GCC_WARN_64_TO_32_BIT_CONVERSION = YES;
				GCC_WARN_ABOUT_RETURN_TYPE = YES_ERROR;
				GCC_WARN_UNDECLARED_SELECTOR = YES;
				GCC_WARN_UNINITIALIZED_AUTOS = YES_AGGRESSIVE;
				GCC_WARN_UNUSED_FUNCTION = YES;
				GCC_WARN_UNUSED_VARIABLE = YES;
				IPHONEOS_DEPLOYMENT_TARGET = 14.4;
				MTL_ENABLE_DEBUG_INFO = NO;
				MTL_FAST_MATH = YES;
				SDKROOT = iphoneos;
				SWIFT_COMPILATION_MODE = wholemodule;
				SWIFT_OPTIMIZATION_LEVEL = "-O";
				VALIDATE_PRODUCT = YES;
			};
			name = Release;
		};
		27471F14265A035100CE3E47 /* Debug */ = {
			isa = XCBuildConfiguration;
			buildSettings = {
				ASSETCATALOG_COMPILER_APPICON_NAME = AppIcon;
				ASSETCATALOG_COMPILER_GLOBAL_ACCENT_COLOR_NAME = AccentColor;
				CODE_SIGN_STYLE = Automatic;
				INFOPLIST_FILE = "Hiwari!/Info.plist";
				LD_RUNPATH_SEARCH_PATHS = (
					"$(inherited)",
					"@executable_path/Frameworks",
				);
				PRODUCT_BUNDLE_IDENTIFIER = "Hiwari.ikeda.yuchan.Hiwari-";
				PRODUCT_NAME = "$(TARGET_NAME)";
				SWIFT_VERSION = 5.0;
				TARGETED_DEVICE_FAMILY = "1,2";
			};
			name = Debug;
		};
		27471F15265A035100CE3E47 /* Release */ = {
			isa = XCBuildConfiguration;
			buildSettings = {
				ASSETCATALOG_COMPILER_APPICON_NAME = AppIcon;
				ASSETCATALOG_COMPILER_GLOBAL_ACCENT_COLOR_NAME = AccentColor;
				CODE_SIGN_STYLE = Automatic;
				INFOPLIST_FILE = "Hiwari!/Info.plist";
				LD_RUNPATH_SEARCH_PATHS = (
					"$(inherited)",
					"@executable_path/Frameworks",
				);
				PRODUCT_BUNDLE_IDENTIFIER = "Hiwari.ikeda.yuchan.Hiwari-";
				PRODUCT_NAME = "$(TARGET_NAME)";
				SWIFT_VERSION = 5.0;
				TARGETED_DEVICE_FAMILY = "1,2";
			};
			name = Release;
		};
		27471F17265A035100CE3E47 /* Debug */ = {
			isa = XCBuildConfiguration;
			buildSettings = {
				ALWAYS_EMBED_SWIFT_STANDARD_LIBRARIES = YES;
				BUNDLE_LOADER = "$(TEST_HOST)";
				CODE_SIGN_STYLE = Automatic;
				INFOPLIST_FILE = "Hiwari!Tests/Info.plist";
				IPHONEOS_DEPLOYMENT_TARGET = 14.4;
				LD_RUNPATH_SEARCH_PATHS = (
					"$(inherited)",
					"@executable_path/Frameworks",
					"@loader_path/Frameworks",
				);
				PRODUCT_BUNDLE_IDENTIFIER = "Hiwari.ikeda.yuchan.Hiwari-Tests";
				PRODUCT_NAME = "$(TARGET_NAME)";
				SWIFT_VERSION = 5.0;
				TARGETED_DEVICE_FAMILY = "1,2";
				TEST_HOST = "$(BUILT_PRODUCTS_DIR)/Hiwari!.app/Hiwari!";
			};
			name = Debug;
		};
		27471F18265A035100CE3E47 /* Release */ = {
			isa = XCBuildConfiguration;
			buildSettings = {
				ALWAYS_EMBED_SWIFT_STANDARD_LIBRARIES = YES;
				BUNDLE_LOADER = "$(TEST_HOST)";
				CODE_SIGN_STYLE = Automatic;
				INFOPLIST_FILE = "Hiwari!Tests/Info.plist";
				IPHONEOS_DEPLOYMENT_TARGET = 14.4;
				LD_RUNPATH_SEARCH_PATHS = (
					"$(inherited)",
					"@executable_path/Frameworks",
					"@loader_path/Frameworks",
				);
				PRODUCT_BUNDLE_IDENTIFIER = "Hiwari.ikeda.yuchan.Hiwari-Tests";
				PRODUCT_NAME = "$(TARGET_NAME)";
				SWIFT_VERSION = 5.0;
				TARGETED_DEVICE_FAMILY = "1,2";
				TEST_HOST = "$(BUILT_PRODUCTS_DIR)/Hiwari!.app/Hiwari!";
			};
			name = Release;
		};
		27471F1A265A035100CE3E47 /* Debug */ = {
			isa = XCBuildConfiguration;
			buildSettings = {
				ALWAYS_EMBED_SWIFT_STANDARD_LIBRARIES = YES;
				CODE_SIGN_STYLE = Automatic;
				INFOPLIST_FILE = "Hiwari!UITests/Info.plist";
				LD_RUNPATH_SEARCH_PATHS = (
					"$(inherited)",
					"@executable_path/Frameworks",
					"@loader_path/Frameworks",
				);
				PRODUCT_BUNDLE_IDENTIFIER = "Hiwari.ikeda.yuchan.Hiwari-UITests";
				PRODUCT_NAME = "$(TARGET_NAME)";
				SWIFT_VERSION = 5.0;
				TARGETED_DEVICE_FAMILY = "1,2";
				TEST_TARGET_NAME = "Hiwari!";
			};
			name = Debug;
		};
		27471F1B265A035100CE3E47 /* Release */ = {
			isa = XCBuildConfiguration;
			buildSettings = {
				ALWAYS_EMBED_SWIFT_STANDARD_LIBRARIES = YES;
				CODE_SIGN_STYLE = Automatic;
				INFOPLIST_FILE = "Hiwari!UITests/Info.plist";
				LD_RUNPATH_SEARCH_PATHS = (
					"$(inherited)",
					"@executable_path/Frameworks",
					"@loader_path/Frameworks",
				);
				PRODUCT_BUNDLE_IDENTIFIER = "Hiwari.ikeda.yuchan.Hiwari-UITests";
				PRODUCT_NAME = "$(TARGET_NAME)";
				SWIFT_VERSION = 5.0;
				TARGETED_DEVICE_FAMILY = "1,2";
				TEST_TARGET_NAME = "Hiwari!";
			};
			name = Release;
		};
/* End XCBuildConfiguration section */

/* Begin XCConfigurationList section */
		27471EE4265A034E00CE3E47 /* Build configuration list for PBXProject "Hiwari!" */ = {
			isa = XCConfigurationList;
			buildConfigurations = (
				27471F11265A035100CE3E47 /* Debug */,
				27471F12265A035100CE3E47 /* Release */,
			);
			defaultConfigurationIsVisible = 0;
			defaultConfigurationName = Release;
		};
		27471F13265A035100CE3E47 /* Build configuration list for PBXNativeTarget "Hiwari!" */ = {
			isa = XCConfigurationList;
			buildConfigurations = (
				27471F14265A035100CE3E47 /* Debug */,
				27471F15265A035100CE3E47 /* Release */,
			);
			defaultConfigurationIsVisible = 0;
			defaultConfigurationName = Release;
		};
		27471F16265A035100CE3E47 /* Build configuration list for PBXNativeTarget "Hiwari!Tests" */ = {
			isa = XCConfigurationList;
			buildConfigurations = (
				27471F17265A035100CE3E47 /* Debug */,
				27471F18265A035100CE3E47 /* Release */,
			);
			defaultConfigurationIsVisible = 0;
			defaultConfigurationName = Release;
		};
		27471F19265A035100CE3E47 /* Build configuration list for PBXNativeTarget "Hiwari!UITests" */ = {
			isa = XCConfigurationList;
			buildConfigurations = (
				27471F1A265A035100CE3E47 /* Debug */,
				27471F1B265A035100CE3E47 /* Release */,
			);
			defaultConfigurationIsVisible = 0;
			defaultConfigurationName = Release;
		};
/* End XCConfigurationList section */
	};
	rootObject = 27471EE1265A034E00CE3E47 /* Project object */;
}
